// !$*UTF8*$!
{
	archiveVersion = 1;
	classes = {
	};
	objectVersion = 50;
	objects = {

/* Begin PBXBuildFile section */
		52F524DE25658DA1000C0FEF /* AppDelegate.swift in Sources */ = {isa = PBXBuildFile; fileRef = 52F524DD25658DA1000C0FEF /* AppDelegate.swift */; };
		52F524E025658DA1000C0FEF /* SceneDelegate.swift in Sources */ = {isa = PBXBuildFile; fileRef = 52F524DF25658DA1000C0FEF /* SceneDelegate.swift */; };
		52F524E225658DA1000C0FEF /* ViewController.swift in Sources */ = {isa = PBXBuildFile; fileRef = 52F524E125658DA1000C0FEF /* ViewController.swift */; };
		52F524E525658DA1000C0FEF /* Main.storyboard in Resources */ = {isa = PBXBuildFile; fileRef = 52F524E325658DA1000C0FEF /* Main.storyboard */; };
		52F524E725658DA2000C0FEF /* Assets.xcassets in Resources */ = {isa = PBXBuildFile; fileRef = 52F524E625658DA2000C0FEF /* Assets.xcassets */; };
		52F524EA25658DA2000C0FEF /* LaunchScreen.storyboard in Resources */ = {isa = PBXBuildFile; fileRef = 52F524E825658DA2000C0FEF /* LaunchScreen.storyboard */; };
		52F524F525658DA2000C0FEF /* LinkProjectTests.swift in Sources */ = {isa = PBXBuildFile; fileRef = 52F524F425658DA2000C0FEF /* LinkProjectTests.swift */; };
		52F5250025658DA2000C0FEF /* LinkProjectUITests.swift in Sources */ = {isa = PBXBuildFile; fileRef = 52F524FF25658DA2000C0FEF /* LinkProjectUITests.swift */; };
/* End PBXBuildFile section */

/* Begin PBXContainerItemProxy section */
		52F524F125658DA2000C0FEF /* PBXContainerItemProxy */ = {
			isa = PBXContainerItemProxy;
			containerPortal = 52F524D225658DA1000C0FEF /* Project object */;
			proxyType = 1;
			remoteGlobalIDString = 52F524D925658DA1000C0FEF;
			remoteInfo = LinkProject;
		};
		52F524FC25658DA2000C0FEF /* PBXContainerItemProxy */ = {
			isa = PBXContainerItemProxy;
			containerPortal = 52F524D225658DA1000C0FEF /* Project object */;
			proxyType = 1;
			remoteGlobalIDString = 52F524D925658DA1000C0FEF;
			remoteInfo = LinkProject;
		};
/* End PBXContainerItemProxy section */

/* Begin PBXFileReference section */
		52F524DA25658DA1000C0FEF /* LinkProject.app */ = {isa = PBXFileReference; explicitFileType = wrapper.application; includeInIndex = 0; path = LinkProject.app; sourceTree = BUILT_PRODUCTS_DIR; };
		52F524DD25658DA1000C0FEF /* AppDelegate.swift */ = {isa = PBXFileReference; lastKnownFileType = sourcecode.swift; path = AppDelegate.swift; sourceTree = "<group>"; };
		52F524DF25658DA1000C0FEF /* SceneDelegate.swift */ = {isa = PBXFileReference; lastKnownFileType = sourcecode.swift; path = SceneDelegate.swift; sourceTree = "<group>"; };
		52F524E125658DA1000C0FEF /* ViewController.swift */ = {isa = PBXFileReference; lastKnownFileType = sourcecode.swift; path = ViewController.swift; sourceTree = "<group>"; };
		52F524E425658DA1000C0FEF /* Base */ = {isa = PBXFileReference; lastKnownFileType = file.storyboard; name = Base; path = Base.lproj/Main.storyboard; sourceTree = "<group>"; };
		52F524E625658DA2000C0FEF /* Assets.xcassets */ = {isa = PBXFileReference; lastKnownFileType = folder.assetcatalog; path = Assets.xcassets; sourceTree = "<group>"; };
		52F524E925658DA2000C0FEF /* Base */ = {isa = PBXFileReference; lastKnownFileType = file.storyboard; name = Base; path = Base.lproj/LaunchScreen.storyboard; sourceTree = "<group>"; };
		52F524EB25658DA2000C0FEF /* Info.plist */ = {isa = PBXFileReference; lastKnownFileType = text.plist.xml; path = Info.plist; sourceTree = "<group>"; };
		52F524F025658DA2000C0FEF /* LinkProjectTests.xctest */ = {isa = PBXFileReference; explicitFileType = wrapper.cfbundle; includeInIndex = 0; path = LinkProjectTests.xctest; sourceTree = BUILT_PRODUCTS_DIR; };
		52F524F425658DA2000C0FEF /* LinkProjectTests.swift */ = {isa = PBXFileReference; lastKnownFileType = sourcecode.swift; path = LinkProjectTests.swift; sourceTree = "<group>"; };
		52F524F625658DA2000C0FEF /* Info.plist */ = {isa = PBXFileReference; lastKnownFileType = text.plist.xml; path = Info.plist; sourceTree = "<group>"; };
		52F524FB25658DA2000C0FEF /* LinkProjectUITests.xctest */ = {isa = PBXFileReference; explicitFileType = wrapper.cfbundle; includeInIndex = 0; path = LinkProjectUITests.xctest; sourceTree = BUILT_PRODUCTS_DIR; };
		52F524FF25658DA2000C0FEF /* LinkProjectUITests.swift */ = {isa = PBXFileReference; lastKnownFileType = sourcecode.swift; path = LinkProjectUITests.swift; sourceTree = "<group>"; };
		52F5250125658DA2000C0FEF /* Info.plist */ = {isa = PBXFileReference; lastKnownFileType = text.plist.xml; path = Info.plist; sourceTree = "<group>"; };
/* End PBXFileReference section */

/* Begin PBXFrameworksBuildPhase section */
		52F524D725658DA1000C0FEF /* Frameworks */ = {
			isa = PBXFrameworksBuildPhase;
			buildActionMask = 2147483647;
			files = (
			);
			runOnlyForDeploymentPostprocessing = 0;
		};
		52F524ED25658DA2000C0FEF /* Frameworks */ = {
			isa = PBXFrameworksBuildPhase;
			buildActionMask = 2147483647;
			files = (
			);
			runOnlyForDeploymentPostprocessing = 0;
		};
		52F524F825658DA2000C0FEF /* Frameworks */ = {
			isa = PBXFrameworksBuildPhase;
			buildActionMask = 2147483647;
			files = (
			);
			runOnlyForDeploymentPostprocessing = 0;
		};
/* End PBXFrameworksBuildPhase section */

/* Begin PBXGroup section */
		52F524D125658DA1000C0FEF = {
			isa = PBXGroup;
			children = (
				52F524DC25658DA1000C0FEF /* LinkProject */,
				52F524F325658DA2000C0FEF /* LinkProjectTests */,
				52F524FE25658DA2000C0FEF /* LinkProjectUITests */,
				52F524DB25658DA1000C0FEF /* Products */,
			);
			sourceTree = "<group>";
		};
		52F524DB25658DA1000C0FEF /* Products */ = {
			isa = PBXGroup;
			children = (
				52F524DA25658DA1000C0FEF /* LinkProject.app */,
				52F524F025658DA2000C0FEF /* LinkProjectTests.xctest */,
				52F524FB25658DA2000C0FEF /* LinkProjectUITests.xctest */,
			);
			name = Products;
			sourceTree = "<group>";
		};
		52F524DC25658DA1000C0FEF /* LinkProject */ = {
			isa = PBXGroup;
			children = (
				52F524DD25658DA1000C0FEF /* AppDelegate.swift */,
				52F524DF25658DA1000C0FEF /* SceneDelegate.swift */,
				52F524E125658DA1000C0FEF /* ViewController.swift */,
				52F524E325658DA1000C0FEF /* Main.storyboard */,
				52F524E625658DA2000C0FEF /* Assets.xcassets */,
				52F524E825658DA2000C0FEF /* LaunchScreen.storyboard */,
				52F524EB25658DA2000C0FEF /* Info.plist */,
			);
			path = LinkProject;
			sourceTree = "<group>";
		};
		52F524F325658DA2000C0FEF /* LinkProjectTests */ = {
			isa = PBXGroup;
			children = (
				52F524F425658DA2000C0FEF /* LinkProjectTests.swift */,
				52F524F625658DA2000C0FEF /* Info.plist */,
			);
			path = LinkProjectTests;
			sourceTree = "<group>";
		};
		52F524FE25658DA2000C0FEF /* LinkProjectUITests */ = {
			isa = PBXGroup;
			children = (
				52F524FF25658DA2000C0FEF /* LinkProjectUITests.swift */,
				52F5250125658DA2000C0FEF /* Info.plist */,
			);
			path = LinkProjectUITests;
			sourceTree = "<group>";
		};
/* End PBXGroup section */

/* Begin PBXNativeTarget section */
		52F524D925658DA1000C0FEF /* LinkProject */ = {
			isa = PBXNativeTarget;
			buildConfigurationList = 52F5250425658DA2000C0FEF /* Build configuration list for PBXNativeTarget "LinkProject" */;
			buildPhases = (
				52F524D625658DA1000C0FEF /* Sources */,
				52F524D725658DA1000C0FEF /* Frameworks */,
				52F524D825658DA1000C0FEF /* Resources */,
			);
			buildRules = (
			);
			dependencies = (
			);
			name = LinkProject;
			productName = LinkProject;
			productReference = 52F524DA25658DA1000C0FEF /* LinkProject.app */;
			productType = "com.apple.product-type.application";
		};
		52F524EF25658DA2000C0FEF /* LinkProjectTests */ = {
			isa = PBXNativeTarget;
			buildConfigurationList = 52F5250725658DA2000C0FEF /* Build configuration list for PBXNativeTarget "LinkProjectTests" */;
			buildPhases = (
				52F524EC25658DA2000C0FEF /* Sources */,
				52F524ED25658DA2000C0FEF /* Frameworks */,
				52F524EE25658DA2000C0FEF /* Resources */,
			);
			buildRules = (
			);
			dependencies = (
				52F524F225658DA2000C0FEF /* PBXTargetDependency */,
			);
			name = LinkProjectTests;
			productName = LinkProjectTests;
			productReference = 52F524F025658DA2000C0FEF /* LinkProjectTests.xctest */;
			productType = "com.apple.product-type.bundle.unit-test";
		};
		52F524FA25658DA2000C0FEF /* LinkProjectUITests */ = {
			isa = PBXNativeTarget;
			buildConfigurationList = 52F5250A25658DA2000C0FEF /* Build configuration list for PBXNativeTarget "LinkProjectUITests" */;
			buildPhases = (
				52F524F725658DA2000C0FEF /* Sources */,
				52F524F825658DA2000C0FEF /* Frameworks */,
				52F524F925658DA2000C0FEF /* Resources */,
			);
			buildRules = (
			);
			dependencies = (
				52F524FD25658DA2000C0FEF /* PBXTargetDependency */,
			);
			name = LinkProjectUITests;
			productName = LinkProjectUITests;
			productReference = 52F524FB25658DA2000C0FEF /* LinkProjectUITests.xctest */;
			productType = "com.apple.product-type.bundle.ui-testing";
		};
/* End PBXNativeTarget section */

/* Begin PBXProject section */
		52F524D225658DA1000C0FEF /* Project object */ = {
			isa = PBXProject;
			attributes = {
				LastSwiftUpdateCheck = 1200;
				LastUpgradeCheck = 1200;
				TargetAttributes = {
					52F524D925658DA1000C0FEF = {
						CreatedOnToolsVersion = 12.0;
					};
					52F524EF25658DA2000C0FEF = {
						CreatedOnToolsVersion = 12.0;
						TestTargetID = 52F524D925658DA1000C0FEF;
					};
					52F524FA25658DA2000C0FEF = {
						CreatedOnToolsVersion = 12.0;
						TestTargetID = 52F524D925658DA1000C0FEF;
					};
				};
			};
			buildConfigurationList = 52F524D525658DA1000C0FEF /* Build configuration list for PBXProject "LinkProject" */;
			compatibilityVersion = "Xcode 9.3";
			developmentRegion = en;
			hasScannedForEncodings = 0;
			knownRegions = (
				en,
				Base,
			);
			mainGroup = 52F524D125658DA1000C0FEF;
			productRefGroup = 52F524DB25658DA1000C0FEF /* Products */;
			projectDirPath = "";
			projectRoot = "";
			targets = (
				52F524D925658DA1000C0FEF /* LinkProject */,
				52F524EF25658DA2000C0FEF /* LinkProjectTests */,
				52F524FA25658DA2000C0FEF /* LinkProjectUITests */,
			);
		};
/* End PBXProject section */

/* Begin PBXResourcesBuildPhase section */
		52F524D825658DA1000C0FEF /* Resources */ = {
			isa = PBXResourcesBuildPhase;
			buildActionMask = 2147483647;
			files = (
				52F524EA25658DA2000C0FEF /* LaunchScreen.storyboard in Resources */,
				52F524E725658DA2000C0FEF /* Assets.xcassets in Resources */,
				52F524E525658DA1000C0FEF /* Main.storyboard in Resources */,
			);
			runOnlyForDeploymentPostprocessing = 0;
		};
		52F524EE25658DA2000C0FEF /* Resources */ = {
			isa = PBXResourcesBuildPhase;
			buildActionMask = 2147483647;
			files = (
			);
			runOnlyForDeploymentPostprocessing = 0;
		};
		52F524F925658DA2000C0FEF /* Resources */ = {
			isa = PBXResourcesBuildPhase;
			buildActionMask = 2147483647;
			files = (
			);
			runOnlyForDeploymentPostprocessing = 0;
		};
/* End PBXResourcesBuildPhase section */

/* Begin PBXSourcesBuildPhase section */
		52F524D625658DA1000C0FEF /* Sources */ = {
			isa = PBXSourcesBuildPhase;
			buildActionMask = 2147483647;
			files = (
				52F524E225658DA1000C0FEF /* ViewController.swift in Sources */,
				52F524DE25658DA1000C0FEF /* AppDelegate.swift in Sources */,
				52F524E025658DA1000C0FEF /* SceneDelegate.swift in Sources */,
			);
			runOnlyForDeploymentPostprocessing = 0;
		};
		52F524EC25658DA2000C0FEF /* Sources */ = {
			isa = PBXSourcesBuildPhase;
			buildActionMask = 2147483647;
			files = (
				52F524F525658DA2000C0FEF /* LinkProjectTests.swift in Sources */,
			);
			runOnlyForDeploymentPostprocessing = 0;
		};
		52F524F725658DA2000C0FEF /* Sources */ = {
			isa = PBXSourcesBuildPhase;
			buildActionMask = 2147483647;
			files = (
				52F5250025658DA2000C0FEF /* LinkProjectUITests.swift in Sources */,
			);
			runOnlyForDeploymentPostprocessing = 0;
		};
/* End PBXSourcesBuildPhase section */

/* Begin PBXTargetDependency section */
		52F524F225658DA2000C0FEF /* PBXTargetDependency */ = {
			isa = PBXTargetDependency;
			target = 52F524D925658DA1000C0FEF /* LinkProject */;
			targetProxy = 52F524F125658DA2000C0FEF /* PBXContainerItemProxy */;
		};
		52F524FD25658DA2000C0FEF /* PBXTargetDependency */ = {
			isa = PBXTargetDependency;
			target = 52F524D925658DA1000C0FEF /* LinkProject */;
			targetProxy = 52F524FC25658DA2000C0FEF /* PBXContainerItemProxy */;
		};
/* End PBXTargetDependency section */

/* Begin PBXVariantGroup section */
		52F524E325658DA1000C0FEF /* Main.storyboard */ = {
			isa = PBXVariantGroup;
			children = (
				52F524E425658DA1000C0FEF /* Base */,
			);
			name = Main.storyboard;
			sourceTree = "<group>";
		};
		52F524E825658DA2000C0FEF /* LaunchScreen.storyboard */ = {
			isa = PBXVariantGroup;
			children = (
				52F524E925658DA2000C0FEF /* Base */,
			);
			name = LaunchScreen.storyboard;
			sourceTree = "<group>";
		};
/* End PBXVariantGroup section */

/* Begin XCBuildConfiguration section */
		52F5250225658DA2000C0FEF /* Debug */ = {
			isa = XCBuildConfiguration;
			buildSettings = {
				ALWAYS_SEARCH_USER_PATHS = NO;
				CLANG_ANALYZER_NONNULL = YES;
				CLANG_ANALYZER_NUMBER_OBJECT_CONVERSION = YES_AGGRESSIVE;
				CLANG_CXX_LANGUAGE_STANDARD = "gnu++14";
				CLANG_CXX_LIBRARY = "libc++";
				CLANG_ENABLE_MODULES = YES;
				CLANG_ENABLE_OBJC_ARC = YES;
				CLANG_ENABLE_OBJC_WEAK = YES;
				CLANG_WARN_BLOCK_CAPTURE_AUTORELEASING = YES;
				CLANG_WARN_BOOL_CONVERSION = YES;
				CLANG_WARN_COMMA = YES;
				CLANG_WARN_CONSTANT_CONVERSION = YES;
				CLANG_WARN_DEPRECATED_OBJC_IMPLEMENTATIONS = YES;
				CLANG_WARN_DIRECT_OBJC_ISA_USAGE = YES_ERROR;
				CLANG_WARN_DOCUMENTATION_COMMENTS = YES;
				CLANG_WARN_EMPTY_BODY = YES;
				CLANG_WARN_ENUM_CONVERSION = YES;
				CLANG_WARN_INFINITE_RECURSION = YES;
				CLANG_WARN_INT_CONVERSION = YES;
				CLANG_WARN_NON_LITERAL_NULL_CONVERSION = YES;
				CLANG_WARN_OBJC_IMPLICIT_RETAIN_SELF = YES;
				CLANG_WARN_OBJC_LITERAL_CONVERSION = YES;
				CLANG_WARN_OBJC_ROOT_CLASS = YES_ERROR;
				CLANG_WARN_QUOTED_INCLUDE_IN_FRAMEWORK_HEADER = YES;
				CLANG_WARN_RANGE_LOOP_ANALYSIS = YES;
				CLANG_WARN_STRICT_PROTOTYPES = YES;
				CLANG_WARN_SUSPICIOUS_MOVE = YES;
				CLANG_WARN_UNGUARDED_AVAILABILITY = YES_AGGRESSIVE;
				CLANG_WARN_UNREACHABLE_CODE = YES;
				CLANG_WARN__DUPLICATE_METHOD_MATCH = YES;
				COPY_PHASE_STRIP = NO;
				DEBUG_INFORMATION_FORMAT = dwarf;
				ENABLE_STRICT_OBJC_MSGSEND = YES;
				ENABLE_TESTABILITY = YES;
				GCC_C_LANGUAGE_STANDARD = gnu11;
				GCC_DYNAMIC_NO_PIC = NO;
				GCC_NO_COMMON_BLOCKS = YES;
				GCC_OPTIMIZATION_LEVEL = 0;
				GCC_PREPROCESSOR_DEFINITIONS = (
					"DEBUG=1",
					"$(inherited)",
				);
				GCC_WARN_64_TO_32_BIT_CONVERSION = YES;
				GCC_WARN_ABOUT_RETURN_TYPE = YES_ERROR;
				GCC_WARN_UNDECLARED_SELECTOR = YES;
				GCC_WARN_UNINITIALIZED_AUTOS = YES_AGGRESSIVE;
				GCC_WARN_UNUSED_FUNCTION = YES;
				GCC_WARN_UNUSED_VARIABLE = YES;
				IPHONEOS_DEPLOYMENT_TARGET = 14.0;
				MTL_ENABLE_DEBUG_INFO = INCLUDE_SOURCE;
				MTL_FAST_MATH = YES;
				ONLY_ACTIVE_ARCH = YES;
				SDKROOT = iphoneos;
				SWIFT_ACTIVE_COMPILATION_CONDITIONS = DEBUG;
				SWIFT_OPTIMIZATION_LEVEL = "-Onone";
			};
			name = Debug;
		};
		52F5250325658DA2000C0FEF /* Release */ = {
			isa = XCBuildConfiguration;
			buildSettings = {
				ALWAYS_SEARCH_USER_PATHS = NO;
				CLANG_ANALYZER_NONNULL = YES;
				CLANG_ANALYZER_NUMBER_OBJECT_CONVERSION = YES_AGGRESSIVE;
				CLANG_CXX_LANGUAGE_STANDARD = "gnu++14";
				CLANG_CXX_LIBRARY = "libc++";
				CLANG_ENABLE_MODULES = YES;
				CLANG_ENABLE_OBJC_ARC = YES;
				CLANG_ENABLE_OBJC_WEAK = YES;
				CLANG_WARN_BLOCK_CAPTURE_AUTORELEASING = YES;
				CLANG_WARN_BOOL_CONVERSION = YES;
				CLANG_WARN_COMMA = YES;
				CLANG_WARN_CONSTANT_CONVERSION = YES;
				CLANG_WARN_DEPRECATED_OBJC_IMPLEMENTATIONS = YES;
				CLANG_WARN_DIRECT_OBJC_ISA_USAGE = YES_ERROR;
				CLANG_WARN_DOCUMENTATION_COMMENTS = YES;
				CLANG_WARN_EMPTY_BODY = YES;
				CLANG_WARN_ENUM_CONVERSION = YES;
				CLANG_WARN_INFINITE_RECURSION = YES;
				CLANG_WARN_INT_CONVERSION = YES;
				CLANG_WARN_NON_LITERAL_NULL_CONVERSION = YES;
				CLANG_WARN_OBJC_IMPLICIT_RETAIN_SELF = YES;
				CLANG_WARN_OBJC_LITERAL_CONVERSION = YES;
				CLANG_WARN_OBJC_ROOT_CLASS = YES_ERROR;
				CLANG_WARN_QUOTED_INCLUDE_IN_FRAMEWORK_HEADER = YES;
				CLANG_WARN_RANGE_LOOP_ANALYSIS = YES;
				CLANG_WARN_STRICT_PROTOTYPES = YES;
				CLANG_WARN_SUSPICIOUS_MOVE = YES;
				CLANG_WARN_UNGUARDED_AVAILABILITY = YES_AGGRESSIVE;
				CLANG_WARN_UNREACHABLE_CODE = YES;
				CLANG_WARN__DUPLICATE_METHOD_MATCH = YES;
				COPY_PHASE_STRIP = NO;
				DEBUG_INFORMATION_FORMAT = "dwarf-with-dsym";
				ENABLE_NS_ASSERTIONS = NO;
				ENABLE_STRICT_OBJC_MSGSEND = YES;
				GCC_C_LANGUAGE_STANDARD = gnu11;
				GCC_NO_COMMON_BLOCKS = YES;
				GCC_WARN_64_TO_32_BIT_CONVERSION = YES;
				GCC_WARN_ABOUT_RETURN_TYPE = YES_ERROR;
				GCC_WARN_UNDECLARED_SELECTOR = YES;
				GCC_WARN_UNINITIALIZED_AUTOS = YES_AGGRESSIVE;
				GCC_WARN_UNUSED_FUNCTION = YES;
				GCC_WARN_UNUSED_VARIABLE = YES;
				IPHONEOS_DEPLOYMENT_TARGET = 14.0;
				MTL_ENABLE_DEBUG_INFO = NO;
				MTL_FAST_MATH = YES;
				SDKROOT = iphoneos;
				SWIFT_COMPILATION_MODE = wholemodule;
				SWIFT_OPTIMIZATION_LEVEL = "-O";
				VALIDATE_PRODUCT = YES;
			};
			name = Release;
		};
		52F5250525658DA2000C0FEF /* Debug */ = {
			isa = XCBuildConfiguration;
			buildSettings = {
				ASSETCATALOG_COMPILER_APPICON_NAME = AppIcon;
				ASSETCATALOG_COMPILER_GLOBAL_ACCENT_COLOR_NAME = AccentColor;
				CODE_SIGN_STYLE = Automatic;
				INFOPLIST_FILE = LinkProject/Info.plist;
				LD_RUNPATH_SEARCH_PATHS = (
					"$(inherited)",
					"@executable_path/Frameworks",
				);
				PRODUCT_BUNDLE_IDENTIFIER = kingsleyenoka.LinkProject;
				PRODUCT_NAME = "$(TARGET_NAME)";
				SWIFT_VERSION = 5.0;
				TARGETED_DEVICE_FAMILY = "1,2";
			};
			name = Debug;
		};
		52F5250625658DA2000C0FEF /* Release */ = {
			isa = XCBuildConfiguration;
			buildSettings = {
				ASSETCATALOG_COMPILER_APPICON_NAME = AppIcon;
				ASSETCATALOG_COMPILER_GLOBAL_ACCENT_COLOR_NAME = AccentColor;
				CODE_SIGN_STYLE = Automatic;
				INFOPLIST_FILE = LinkProject/Info.plist;
				LD_RUNPATH_SEARCH_PATHS = (
					"$(inherited)",
					"@executable_path/Frameworks",
				);
				PRODUCT_BUNDLE_IDENTIFIER = kingsleyenoka.LinkProject;
				PRODUCT_NAME = "$(TARGET_NAME)";
				SWIFT_VERSION = 5.0;
				TARGETED_DEVICE_FAMILY = "1,2";
			};
			name = Release;
		};
		52F5250825658DA2000C0FEF /* Debug */ = {
			isa = XCBuildConfiguration;
			buildSettings = {
				ALWAYS_EMBED_SWIFT_STANDARD_LIBRARIES = YES;
				BUNDLE_LOADER = "$(TEST_HOST)";
				CODE_SIGN_STYLE = Automatic;
				INFOPLIST_FILE = LinkProjectTests/Info.plist;
				IPHONEOS_DEPLOYMENT_TARGET = 14.0;
				LD_RUNPATH_SEARCH_PATHS = (
					"$(inherited)",
					"@executable_path/Frameworks",
					"@loader_path/Frameworks",
				);
				PRODUCT_BUNDLE_IDENTIFIER = kingsleyenoka.LinkProjectTests;
				PRODUCT_NAME = "$(TARGET_NAME)";
				SWIFT_VERSION = 5.0;
				TARGETED_DEVICE_FAMILY = "1,2";
				TEST_HOST = "$(BUILT_PRODUCTS_DIR)/LinkProject.app/LinkProject";
			};
			name = Debug;
		};
		52F5250925658DA2000C0FEF /* Release */ = {
			isa = XCBuildConfiguration;
			buildSettings = {
				ALWAYS_EMBED_SWIFT_STANDARD_LIBRARIES = YES;
				BUNDLE_LOADER = "$(TEST_HOST)";
				CODE_SIGN_STYLE = Automatic;
				INFOPLIST_FILE = LinkProjectTests/Info.plist;
				IPHONEOS_DEPLOYMENT_TARGET = 14.0;
				LD_RUNPATH_SEARCH_PATHS = (
					"$(inherited)",
					"@executable_path/Frameworks",
					"@loader_path/Frameworks",
				);
				PRODUCT_BUNDLE_IDENTIFIER = kingsleyenoka.LinkProjectTests;
				PRODUCT_NAME = "$(TARGET_NAME)";
				SWIFT_VERSION = 5.0;
				TARGETED_DEVICE_FAMILY = "1,2";
				TEST_HOST = "$(BUILT_PRODUCTS_DIR)/LinkProject.app/LinkProject";
			};
			name = Release;
		};
		52F5250B25658DA2000C0FEF /* Debug */ = {
			isa = XCBuildConfiguration;
			buildSettings = {
				ALWAYS_EMBED_SWIFT_STANDARD_LIBRARIES = YES;
				CODE_SIGN_STYLE = Automatic;
				INFOPLIST_FILE = LinkProjectUITests/Info.plist;
				LD_RUNPATH_SEARCH_PATHS = (
					"$(inherited)",
					"@executable_path/Frameworks",
					"@loader_path/Frameworks",
				);
				PRODUCT_BUNDLE_IDENTIFIER = kingsleyenoka.LinkProjectUITests;
				PRODUCT_NAME = "$(TARGET_NAME)";
				SWIFT_VERSION = 5.0;
				TARGETED_DEVICE_FAMILY = "1,2";
				TEST_TARGET_NAME = LinkProject;
			};
			name = Debug;
		};
		52F5250C25658DA2000C0FEF /* Release */ = {
			isa = XCBuildConfiguration;
			buildSettings = {
				ALWAYS_EMBED_SWIFT_STANDARD_LIBRARIES = YES;
				CODE_SIGN_STYLE = Automatic;
				INFOPLIST_FILE = LinkProjectUITests/Info.plist;
				LD_RUNPATH_SEARCH_PATHS = (
					"$(inherited)",
					"@executable_path/Frameworks",
					"@loader_path/Frameworks",
				);
				PRODUCT_BUNDLE_IDENTIFIER = kingsleyenoka.LinkProjectUITests;
				PRODUCT_NAME = "$(TARGET_NAME)";
				SWIFT_VERSION = 5.0;
				TARGETED_DEVICE_FAMILY = "1,2";
				TEST_TARGET_NAME = LinkProject;
			};
			name = Release;
		};
/* End XCBuildConfiguration section */

/* Begin XCConfigurationList section */
		52F524D525658DA1000C0FEF /* Build configuration list for PBXProject "LinkProject" */ = {
			isa = XCConfigurationList;
			buildConfigurations = (
				52F5250225658DA2000C0FEF /* Debug */,
				52F5250325658DA2000C0FEF /* Release */,
			);
			defaultConfigurationIsVisible = 0;
			defaultConfigurationName = Release;
		};
		52F5250425658DA2000C0FEF /* Build configuration list for PBXNativeTarget "LinkProject" */ = {
			isa = XCConfigurationList;
			buildConfigurations = (
				52F5250525658DA2000C0FEF /* Debug */,
				52F5250625658DA2000C0FEF /* Release */,
			);
			defaultConfigurationIsVisible = 0;
			defaultConfigurationName = Release;
		};
		52F5250725658DA2000C0FEF /* Build configuration list for PBXNativeTarget "LinkProjectTests" */ = {
			isa = XCConfigurationList;
			buildConfigurations = (
				52F5250825658DA2000C0FEF /* Debug */,
				52F5250925658DA2000C0FEF /* Release */,
			);
			defaultConfigurationIsVisible = 0;
			defaultConfigurationName = Release;
		};
		52F5250A25658DA2000C0FEF /* Build configuration list for PBXNativeTarget "LinkProjectUITests" */ = {
			isa = XCConfigurationList;
			buildConfigurations = (
				52F5250B25658DA2000C0FEF /* Debug */,
				52F5250C25658DA2000C0FEF /* Release */,
			);
			defaultConfigurationIsVisible = 0;
			defaultConfigurationName = Release;
		};
/* End XCConfigurationList section */
	};
	rootObject = 52F524D225658DA1000C0FEF /* Project object */;
}
